
Microsoft Visual Studio Solution File, Format Version 12.00
# Visual Studio 14
VisualStudioVersion = 14.0.23107.0
MinimumVisualStudioVersion = 10.0.40219.1
Project("{2150E333-8FDC-42A3-9474-1A3956D46DE8}") = "src", "src", "{2DC5B9E5-9A04-43E4-8F03-517DFE65276F}"
EndProject
Project("{2150E333-8FDC-42A3-9474-1A3956D46DE8}") = "Solution Items", "Solution Items", "{5C5899F6-B233-4F2D-AC5B-3A471FC87713}"
	ProjectSection(SolutionItems) = preProject
		.gitignore = .gitignore
		global.json = global.json
		NuGet.Config = NuGet.Config
	EndProjectSection
EndProject
Project("{8BB2217D-0F2D-49D1-97BC-3654ED321F3B}") = "NestedStartupTesting.Web", "src\NestedStartupTesting.Web\NestedStartupTesting.Web.xproj", "{D2F4D542-FF34-43C0-BE38-A4B6EA82D9BB}"
EndProject
Project("{8BB2217D-0F2D-49D1-97BC-3654ED321F3B}") = "NestedStartupTesting.Service", "src\NestedStartupTesting.Service\NestedStartupTesting.Service.xproj", "{8C8B6675-28A0-4DFA-A374-576452BF8703}"
EndProject
Project("{8BB2217D-0F2D-49D1-97BC-3654ED321F3B}") = "NestedStartupTesting.Shared", "src\NestedStartupTesting.Shared\NestedStartupTesting.Shared.xproj", "{CF7CE505-5A52-4FD1-A95F-9EA4610EC714}"
EndProject
Global
	GlobalSection(SolutionConfigurationPlatforms) = preSolution
		Debug|Any CPU = Debug|Any CPU
		Release|Any CPU = Release|Any CPU
	EndGlobalSection
	GlobalSection(ProjectConfigurationPlatforms) = postSolution
		{D2F4D542-FF34-43C0-BE38-A4B6EA82D9BB}.Debug|Any CPU.ActiveCfg = Debug|Any CPU
		{D2F4D542-FF34-43C0-BE38-A4B6EA82D9BB}.Debug|Any CPU.Build.0 = Debug|Any CPU
		{D2F4D542-FF34-43C0-BE38-A4B6EA82D9BB}.Release|Any CPU.ActiveCfg = Release|Any CPU
		{D2F4D542-FF34-43C0-BE38-A4B6EA82D9BB}.Release|Any CPU.Build.0 = Release|Any CPU
		{8C8B6675-28A0-4DFA-A374-576452BF8703}.Debug|Any CPU.ActiveCfg = Debug|Any CPU
		{8C8B6675-28A0-4DFA-A374-576452BF8703}.Debug|Any CPU.Build.0 = Debug|Any CPU
		{8C8B6675-28A0-4DFA-A374-576452BF8703}.Release|Any CPU.ActiveCfg = Release|Any CPU
		{8C8B6675-28A0-4DFA-A374-576452BF8703}.Release|Any CPU.Build.0 = Release|Any CPU
		{CF7CE505-5A52-4FD1-A95F-9EA4610EC714}.Debug|Any CPU.ActiveCfg = Debug|Any CPU
		{CF7CE505-5A52-4FD1-A95F-9EA4610EC714}.Debug|Any CPU.Build.0 = Debug|Any CPU
		{CF7CE505-5A52-4FD1-A95F-9EA4610EC714}.Release|Any CPU.ActiveCfg = Release|Any CPU
		{CF7CE505-5A52-4FD1-A95F-9EA4610EC714}.Release|Any CPU.Build.0 = Release|Any CPU
	EndGlobalSection
	GlobalSection(SolutionProperties) = preSolution
		HideSolutionNode = FALSE
	EndGlobalSection
	GlobalSection(NestedProjects) = preSolution
		{D2F4D542-FF34-43C0-BE38-A4B6EA82D9BB} = {2DC5B9E5-9A04-43E4-8F03-517DFE65276F}
		{8C8B6675-28A0-4DFA-A374-576452BF8703} = {2DC5B9E5-9A04-43E4-8F03-517DFE65276F}
		{CF7CE505-5A52-4FD1-A95F-9EA4610EC714} = {2DC5B9E5-9A04-43E4-8F03-517DFE65276F}
	EndGlobalSection
EndGlobal
